
Microsoft Visual Studio Solution File, Format Version 12.00
# Visual Studio 15
VisualStudioVersion = 15.0.28307.136
MinimumVisualStudioVersion = 10.0.40219.1
Project("{8BC9CEB8-8B4A-11D0-8D11-00A0C91BC942}") = "Frogger 2D", "Frogger 2D\Frogger 2D.vcxproj", "{37AC181D-A2B1-49D1-A10E-E5D4C4BE502C}"
EndProject
Global
	GlobalSection(SolutionConfigurationPlatforms) = preSolution
		Debug|x64 = Debug|x64
		Debug|x86 = Debug|x86
		Release|x64 = Release|x64
		Release|x86 = Release|x86
	EndGlobalSection
	GlobalSection(ProjectConfigurationPlatforms) = postSolution
		{37AC181D-A2B1-49D1-A10E-E5D4C4BE502C}.Debug|x64.ActiveCfg = Debug|x64
		{37AC181D-A2B1-49D1-A10E-E5D4C4BE502C}.Debug|x64.Build.0 = Debug|x64
		{37AC181D-A2B1-49D1-A10E-E5D4C4BE502C}.Debug|x86.ActiveCfg = Debug|Win32
		{37AC181D-A2B1-49D1-A10E-E5D4C4BE502C}.Debug|x86.Build.0 = Debug|Win32
		{37AC181D-A2B1-49D1-A10E-E5D4C4BE502C}.Release|x64.ActiveCfg = Release|x64
		{37AC181D-A2B1-49D1-A10E-E5D4C4BE502C}.Release|x64.Build.0 = Release|x64
		{37AC181D-A2B1-49D1-A10E-E5D4C4BE502C}.Release|x86.ActiveCfg = Release|Win32
		{37AC181D-A2B1-49D1-A10E-E5D4C4BE502C}.Release|x86.Build.0 = Release|Win32
	EndGlobalSection
	GlobalSection(SolutionProperties) = preSolution
		HideSolutionNode = FALSE
	EndGlobalSection
	GlobalSection(ExtensibilityGlobals) = postSolution
		SolutionGuid = {C6E41043-EF78-40E9-A202-03517C693297}
	EndGlobalSection
EndGlobal
